
Microsoft Visual Studio Solution File, Format Version 12.00
# Visual Studio Version 17
VisualStudioVersion = 17.8.34511.84
MinimumVisualStudioVersion = 10.0.40219.1
Project("{FAE04EC0-301F-11D3-BF4B-00C04F79EFBC}") = "Week8EpicGame", "Week8EpicGame\Week8EpicGame.csproj", "{5EE77A38-8CE4-4292-900E-9D8E924F9F80}"
EndProject
Global
	GlobalSection(SolutionConfigurationPlatforms) = preSolution
		Debug|Any CPU = Debug|Any CPU
		Release|Any CPU = Release|Any CPU
	EndGlobalSection
	GlobalSection(ProjectConfigurationPlatforms) = postSolution
		{5EE77A38-8CE4-4292-900E-9D8E924F9F80}.Debug|Any CPU.ActiveCfg = Debug|Any CPU
		{5EE77A38-8CE4-4292-900E-9D8E924F9F80}.Debug|Any CPU.Build.0 = Debug|Any CPU
		{5EE77A38-8CE4-4292-900E-9D8E924F9F80}.Release|Any CPU.ActiveCfg = Release|Any CPU
		{5EE77A38-8CE4-4292-900E-9D8E924F9F80}.Release|Any CPU.Build.0 = Release|Any CPU
	EndGlobalSection
	GlobalSection(SolutionProperties) = preSolution
		HideSolutionNode = FALSE
	EndGlobalSection
	GlobalSection(ExtensibilityGlobals) = postSolution
		SolutionGuid = {092E46AF-9598-4030-949C-1CC8CDBB9B65}
	EndGlobalSection
EndGlobal
